
Microsoft Visual Studio Solution File, Format Version 12.00
# Visual Studio 15
VisualStudioVersion = 15.0.28307.572
MinimumVisualStudioVersion = 10.0.40219.1
Project("{9A19103F-16F7-4668-BE54-9A1E7A4F7556}") = "EshpUserManager", "EshpUserManager\EshpUserManager.csproj", "{D66EC3DB-3979-4D4B-B2CB-0942FC8C7EC8}"
EndProject
Project("{2150E333-8FDC-42A3-9474-1A3956D46DE8}") = "UserCompany", "UserCompany", "{70ED8AA2-D152-49C3-A472-70B82F656780}"
EndProject
Project("{2150E333-8FDC-42A3-9474-1A3956D46DE8}") = "Product", "Product", "{F71A617F-555D-4221-B640-41FAC61FF58C}"
EndProject
Project("{2150E333-8FDC-42A3-9474-1A3956D46DE8}") = "Web", "Web", "{97F54061-EB12-4689-81E6-1A71CCC890AF}"
EndProject
Project("{2150E333-8FDC-42A3-9474-1A3956D46DE8}") = "Service", "Service", "{4868C7D8-393F-4BAD-B43A-89D028E2EEAC}"
EndProject
Project("{2150E333-8FDC-42A3-9474-1A3956D46DE8}") = "Data", "Data", "{2F981C09-2AC7-4105-9D8D-9E1B42FBA558}"
EndProject
Project("{FAE04EC0-301F-11D3-BF4B-00C04F79EFBC}") = "EshpProductAPI", "EshpProductAPI\EshpProductAPI.csproj", "{9DBDC8D8-44EA-4DEC-BAB5-BC806FA9B84A}"
EndProject
Project("{FAE04EC0-301F-11D3-BF4B-00C04F79EFBC}") = "UserService", "UserService\UserService.csproj", "{3625FFDC-C2AC-4FDC-9C85-299982E73673}"
EndProject
Project("{2150E333-8FDC-42A3-9474-1A3956D46DE8}") = "API", "API", "{BA37A2EA-85F4-49CF-AAF1-52765AE9259C}"
EndProject
Project("{2150E333-8FDC-42A3-9474-1A3956D46DE8}") = "Service", "Service", "{344B653F-2FAE-4AC4-AF80-D53E9F091465}"
EndProject
Project("{2150E333-8FDC-42A3-9474-1A3956D46DE8}") = "Test", "Test", "{C905119E-7FD0-4565-B664-6DE37EDBDAC0}"
EndProject
Project("{FAE04EC0-301F-11D3-BF4B-00C04F79EFBC}") = "EshpTests", "EshpTests\EshpTests.csproj", "{AA552568-D827-4152-863C-5B61BB8CE666}"
EndProject
Global
	GlobalSection(SolutionConfigurationPlatforms) = preSolution
		Debug|Any CPU = Debug|Any CPU
		Release|Any CPU = Release|Any CPU
	EndGlobalSection
	GlobalSection(ProjectConfigurationPlatforms) = postSolution
		{D66EC3DB-3979-4D4B-B2CB-0942FC8C7EC8}.Debug|Any CPU.ActiveCfg = Debug|Any CPU
		{D66EC3DB-3979-4D4B-B2CB-0942FC8C7EC8}.Debug|Any CPU.Build.0 = Debug|Any CPU
		{D66EC3DB-3979-4D4B-B2CB-0942FC8C7EC8}.Release|Any CPU.ActiveCfg = Release|Any CPU
		{D66EC3DB-3979-4D4B-B2CB-0942FC8C7EC8}.Release|Any CPU.Build.0 = Release|Any CPU
		{9DBDC8D8-44EA-4DEC-BAB5-BC806FA9B84A}.Debug|Any CPU.ActiveCfg = Debug|Any CPU
		{9DBDC8D8-44EA-4DEC-BAB5-BC806FA9B84A}.Debug|Any CPU.Build.0 = Debug|Any CPU
		{9DBDC8D8-44EA-4DEC-BAB5-BC806FA9B84A}.Release|Any CPU.ActiveCfg = Release|Any CPU
		{9DBDC8D8-44EA-4DEC-BAB5-BC806FA9B84A}.Release|Any CPU.Build.0 = Release|Any CPU
		{3625FFDC-C2AC-4FDC-9C85-299982E73673}.Debug|Any CPU.ActiveCfg = Debug|Any CPU
		{3625FFDC-C2AC-4FDC-9C85-299982E73673}.Debug|Any CPU.Build.0 = Debug|Any CPU
		{3625FFDC-C2AC-4FDC-9C85-299982E73673}.Release|Any CPU.ActiveCfg = Release|Any CPU
		{3625FFDC-C2AC-4FDC-9C85-299982E73673}.Release|Any CPU.Build.0 = Release|Any CPU
		{AA552568-D827-4152-863C-5B61BB8CE666}.Debug|Any CPU.ActiveCfg = Debug|Any CPU
		{AA552568-D827-4152-863C-5B61BB8CE666}.Debug|Any CPU.Build.0 = Debug|Any CPU
		{AA552568-D827-4152-863C-5B61BB8CE666}.Release|Any CPU.ActiveCfg = Release|Any CPU
		{AA552568-D827-4152-863C-5B61BB8CE666}.Release|Any CPU.Build.0 = Release|Any CPU
	EndGlobalSection
	GlobalSection(SolutionProperties) = preSolution
		HideSolutionNode = FALSE
	EndGlobalSection
	GlobalSection(NestedProjects) = preSolution
		{D66EC3DB-3979-4D4B-B2CB-0942FC8C7EC8} = {97F54061-EB12-4689-81E6-1A71CCC890AF}
		{97F54061-EB12-4689-81E6-1A71CCC890AF} = {70ED8AA2-D152-49C3-A472-70B82F656780}
		{4868C7D8-393F-4BAD-B43A-89D028E2EEAC} = {70ED8AA2-D152-49C3-A472-70B82F656780}
		{2F981C09-2AC7-4105-9D8D-9E1B42FBA558} = {70ED8AA2-D152-49C3-A472-70B82F656780}
		{9DBDC8D8-44EA-4DEC-BAB5-BC806FA9B84A} = {BA37A2EA-85F4-49CF-AAF1-52765AE9259C}
		{3625FFDC-C2AC-4FDC-9C85-299982E73673} = {4868C7D8-393F-4BAD-B43A-89D028E2EEAC}
		{BA37A2EA-85F4-49CF-AAF1-52765AE9259C} = {F71A617F-555D-4221-B640-41FAC61FF58C}
		{344B653F-2FAE-4AC4-AF80-D53E9F091465} = {F71A617F-555D-4221-B640-41FAC61FF58C}
		{AA552568-D827-4152-863C-5B61BB8CE666} = {C905119E-7FD0-4565-B664-6DE37EDBDAC0}
	EndGlobalSection
	GlobalSection(ExtensibilityGlobals) = postSolution
		SolutionGuid = {88E23E5E-591F-4BED-A0FF-AD43CD3538AD}
	EndGlobalSection
EndGlobal
